
Microsoft Visual Studio Solution File, Format Version 12.00
# Visual Studio Version 16
VisualStudioVersion = 16.0.29230.47
MinimumVisualStudioVersion = 10.0.40219.1
Project("{FAE04EC0-301F-11D3-BF4B-00C04F79EFBC}") = "Demo", "FINKOK\Demo.csproj", "{3A456DB9-3D83-4AC5-BE6C-155CA1ED245D}"
EndProject
Project("{FAE04EC0-301F-11D3-BF4B-00C04F79EFBC}") = "Mensoft.Facturacion", "Mensoft.Facturacion\Mensoft.Facturacion.csproj", "{B84FA4AD-08BC-4A41-9FFA-6B4A83BB8585}"
EndProject
Global
	GlobalSection(SolutionConfigurationPlatforms) = preSolution
		Debug|Any CPU = Debug|Any CPU
		Release|Any CPU = Release|Any CPU
	EndGlobalSection
	GlobalSection(ProjectConfigurationPlatforms) = postSolution
		{3A456DB9-3D83-4AC5-BE6C-155CA1ED245D}.Debug|Any CPU.ActiveCfg = Debug|Any CPU
		{3A456DB9-3D83-4AC5-BE6C-155CA1ED245D}.Debug|Any CPU.Build.0 = Debug|Any CPU
		{3A456DB9-3D83-4AC5-BE6C-155CA1ED245D}.Release|Any CPU.ActiveCfg = Release|Any CPU
		{3A456DB9-3D83-4AC5-BE6C-155CA1ED245D}.Release|Any CPU.Build.0 = Release|Any CPU
		{B84FA4AD-08BC-4A41-9FFA-6B4A83BB8585}.Debug|Any CPU.ActiveCfg = Debug|Any CPU
		{B84FA4AD-08BC-4A41-9FFA-6B4A83BB8585}.Debug|Any CPU.Build.0 = Debug|Any CPU
		{B84FA4AD-08BC-4A41-9FFA-6B4A83BB8585}.Release|Any CPU.ActiveCfg = Release|Any CPU
		{B84FA4AD-08BC-4A41-9FFA-6B4A83BB8585}.Release|Any CPU.Build.0 = Release|Any CPU
	EndGlobalSection
	GlobalSection(SolutionProperties) = preSolution
		HideSolutionNode = FALSE
	EndGlobalSection
	GlobalSection(ExtensibilityGlobals) = postSolution
		SolutionGuid = {DE20AD15-907B-4883-A7F0-719FA6535FE1}
	EndGlobalSection
EndGlobal
